
Microsoft Visual Studio Solution File, Format Version 12.00
# Visual Studio Version 17
VisualStudioVersion = 17.5.33627.172
MinimumVisualStudioVersion = 15.0.26124.0
Project("{9A19103F-16F7-4668-BE54-9A1E7A4F7556}") = "ManagedLibrary", "ManagedLibrary\ManagedLibrary.csproj", "{14DA10C8-AC12-4456-AA41-740A5699ED97}"
EndProject
Project("{9A19103F-16F7-4668-BE54-9A1E7A4F7556}") = "WinFormsApp1", "WinFormsApp1\WinFormsApp1.csproj", "{3943F12B-402F-40E6-B8FB-2392D6F76200}"
EndProject
Project("{8BC9CEB8-8B4A-11D0-8D11-00A0C91BC942}") = "MFCApplication", "MFCApplication\MFCApplication.vcxproj", "{798F98A0-1FDA-4078-A980-AA950F73E47D}"
EndProject
Project("{8BC9CEB8-8B4A-11D0-8D11-00A0C91BC942}") = "MFCLibrary1", "MFCLibrary1\MFCLibrary1.vcxproj", "{0B40306C-67F8-4F8C-82B9-969CEDA6E282}"
EndProject
Project("{2150E333-8FDC-42A3-9474-1A3956D46DE8}") = "apps", "apps", "{B69EC38D-FE9D-4DC0-B02A-BB9254500F99}"
EndProject
Global
	GlobalSection(SolutionConfigurationPlatforms) = preSolution
		Debug|Any CPU = Debug|Any CPU
		Debug|ARM = Debug|ARM
		Debug|ARM64 = Debug|ARM64
		Debug|x64 = Debug|x64
		Debug|x86 = Debug|x86
		Release|Any CPU = Release|Any CPU
		Release|ARM = Release|ARM
		Release|ARM64 = Release|ARM64
		Release|x64 = Release|x64
		Release|x86 = Release|x86
	EndGlobalSection
	GlobalSection(ProjectConfigurationPlatforms) = postSolution
		{14DA10C8-AC12-4456-AA41-740A5699ED97}.Debug|Any CPU.ActiveCfg = Debug|Any CPU
		{14DA10C8-AC12-4456-AA41-740A5699ED97}.Debug|Any CPU.Build.0 = Debug|Any CPU
		{14DA10C8-AC12-4456-AA41-740A5699ED97}.Debug|ARM.ActiveCfg = Debug|Any CPU
		{14DA10C8-AC12-4456-AA41-740A5699ED97}.Debug|ARM.Build.0 = Debug|Any CPU
		{14DA10C8-AC12-4456-AA41-740A5699ED97}.Debug|ARM64.ActiveCfg = Debug|Any CPU
		{14DA10C8-AC12-4456-AA41-740A5699ED97}.Debug|ARM64.Build.0 = Debug|Any CPU
		{14DA10C8-AC12-4456-AA41-740A5699ED97}.Debug|x64.ActiveCfg = Debug|Any CPU
		{14DA10C8-AC12-4456-AA41-740A5699ED97}.Debug|x64.Build.0 = Debug|Any CPU
		{14DA10C8-AC12-4456-AA41-740A5699ED97}.Debug|x86.ActiveCfg = Debug|Any CPU
		{14DA10C8-AC12-4456-AA41-740A5699ED97}.Debug|x86.Build.0 = Debug|Any CPU
		{14DA10C8-AC12-4456-AA41-740A5699ED97}.Release|Any CPU.ActiveCfg = Release|Any CPU
		{14DA10C8-AC12-4456-AA41-740A5699ED97}.Release|Any CPU.Build.0 = Release|Any CPU
		{14DA10C8-AC12-4456-AA41-740A5699ED97}.Release|ARM.ActiveCfg = Release|Any CPU
		{14DA10C8-AC12-4456-AA41-740A5699ED97}.Release|ARM.Build.0 = Release|Any CPU
		{14DA10C8-AC12-4456-AA41-740A5699ED97}.Release|ARM64.ActiveCfg = Release|Any CPU
		{14DA10C8-AC12-4456-AA41-740A5699ED97}.Release|ARM64.Build.0 = Release|Any CPU
		{14DA10C8-AC12-4456-AA41-740A5699ED97}.Release|x64.ActiveCfg = Release|Any CPU
		{14DA10C8-AC12-4456-AA41-740A5699ED97}.Release|x64.Build.0 = Release|Any CPU
		{14DA10C8-AC12-4456-AA41-740A5699ED97}.Release|x86.ActiveCfg = Release|Any CPU
		{14DA10C8-AC12-4456-AA41-740A5699ED97}.Release|x86.Build.0 = Release|Any CPU
		{3943F12B-402F-40E6-B8FB-2392D6F76200}.Debug|Any CPU.ActiveCfg = Debug|Any CPU
		{3943F12B-402F-40E6-B8FB-2392D6F76200}.Debug|Any CPU.Build.0 = Debug|Any CPU
		{3943F12B-402F-40E6-B8FB-2392D6F76200}.Debug|ARM.ActiveCfg = Debug|Any CPU
		{3943F12B-402F-40E6-B8FB-2392D6F76200}.Debug|ARM.Build.0 = Debug|Any CPU
		{3943F12B-402F-40E6-B8FB-2392D6F76200}.Debug|ARM64.ActiveCfg = Debug|Any CPU
		{3943F12B-402F-40E6-B8FB-2392D6F76200}.Debug|ARM64.Build.0 = Debug|Any CPU
		{3943F12B-402F-40E6-B8FB-2392D6F76200}.Debug|x64.ActiveCfg = Debug|Any CPU
		{3943F12B-402F-40E6-B8FB-2392D6F76200}.Debug|x64.Build.0 = Debug|Any CPU
		{3943F12B-402F-40E6-B8FB-2392D6F76200}.Debug|x86.ActiveCfg = Debug|Any CPU
		{3943F12B-402F-40E6-B8FB-2392D6F76200}.Debug|x86.Build.0 = Debug|Any CPU
		{3943F12B-402F-40E6-B8FB-2392D6F76200}.Release|Any CPU.ActiveCfg = Release|Any CPU
		{3943F12B-402F-40E6-B8FB-2392D6F76200}.Release|Any CPU.Build.0 = Release|Any CPU
		{3943F12B-402F-40E6-B8FB-2392D6F76200}.Release|ARM.ActiveCfg = Release|Any CPU
		{3943F12B-402F-40E6-B8FB-2392D6F76200}.Release|ARM.Build.0 = Release|Any CPU
		{3943F12B-402F-40E6-B8FB-2392D6F76200}.Release|ARM64.ActiveCfg = Release|Any CPU
		{3943F12B-402F-40E6-B8FB-2392D6F76200}.Release|ARM64.Build.0 = Release|Any CPU
		{3943F12B-402F-40E6-B8FB-2392D6F76200}.Release|x64.ActiveCfg = Release|Any CPU
		{3943F12B-402F-40E6-B8FB-2392D6F76200}.Release|x64.Build.0 = Release|Any CPU
		{3943F12B-402F-40E6-B8FB-2392D6F76200}.Release|x86.ActiveCfg = Release|Any CPU
		{3943F12B-402F-40E6-B8FB-2392D6F76200}.Release|x86.Build.0 = Release|Any CPU
		{798F98A0-1FDA-4078-A980-AA950F73E47D}.Debug|Any CPU.ActiveCfg = Debug|x64
		{798F98A0-1FDA-4078-A980-AA950F73E47D}.Debug|Any CPU.Build.0 = Debug|x64
		{798F98A0-1FDA-4078-A980-AA950F73E47D}.Debug|ARM.ActiveCfg = Debug|x64
		{798F98A0-1FDA-4078-A980-AA950F73E47D}.Debug|ARM.Build.0 = Debug|x64
		{798F98A0-1FDA-4078-A980-AA950F73E47D}.Debug|ARM64.ActiveCfg = Debug|x64
		{798F98A0-1FDA-4078-A980-AA950F73E47D}.Debug|ARM64.Build.0 = Debug|x64
		{798F98A0-1FDA-4078-A980-AA950F73E47D}.Debug|x64.ActiveCfg = Debug|x64
		{798F98A0-1FDA-4078-A980-AA950F73E47D}.Debug|x64.Build.0 = Debug|x64
		{798F98A0-1FDA-4078-A980-AA950F73E47D}.Debug|x86.ActiveCfg = Debug|Win32
		{798F98A0-1FDA-4078-A980-AA950F73E47D}.Debug|x86.Build.0 = Debug|Win32
		{798F98A0-1FDA-4078-A980-AA950F73E47D}.Release|Any CPU.ActiveCfg = Release|x64
		{798F98A0-1FDA-4078-A980-AA950F73E47D}.Release|Any CPU.Build.0 = Release|x64
		{798F98A0-1FDA-4078-A980-AA950F73E47D}.Release|ARM.ActiveCfg = Release|x64
		{798F98A0-1FDA-4078-A980-AA950F73E47D}.Release|ARM.Build.0 = Release|x64
		{798F98A0-1FDA-4078-A980-AA950F73E47D}.Release|ARM64.ActiveCfg = Release|x64
		{798F98A0-1FDA-4078-A980-AA950F73E47D}.Release|ARM64.Build.0 = Release|x64
		{798F98A0-1FDA-4078-A980-AA950F73E47D}.Release|x64.ActiveCfg = Release|x64
		{798F98A0-1FDA-4078-A980-AA950F73E47D}.Release|x64.Build.0 = Release|x64
		{798F98A0-1FDA-4078-A980-AA950F73E47D}.Release|x86.ActiveCfg = Release|Win32
		{798F98A0-1FDA-4078-A980-AA950F73E47D}.Release|x86.Build.0 = Release|Win32
		{0B40306C-67F8-4F8C-82B9-969CEDA6E282}.Debug|Any CPU.ActiveCfg = Debug|Win32
		{0B40306C-67F8-4F8C-82B9-969CEDA6E282}.Debug|ARM.ActiveCfg = Debug|Win32
		{0B40306C-67F8-4F8C-82B9-969CEDA6E282}.Debug|ARM64.ActiveCfg = Debug|Win32
		{0B40306C-67F8-4F8C-82B9-969CEDA6E282}.Debug|x64.ActiveCfg = Debug|x64
		{0B40306C-67F8-4F8C-82B9-969CEDA6E282}.Debug|x64.Build.0 = Debug|x64
		{0B40306C-67F8-4F8C-82B9-969CEDA6E282}.Debug|x86.ActiveCfg = Debug|Win32
		{0B40306C-67F8-4F8C-82B9-969CEDA6E282}.Debug|x86.Build.0 = Debug|Win32
		{0B40306C-67F8-4F8C-82B9-969CEDA6E282}.Release|Any CPU.ActiveCfg = Release|Win32
		{0B40306C-67F8-4F8C-82B9-969CEDA6E282}.Release|ARM.ActiveCfg = Release|Win32
		{0B40306C-67F8-4F8C-82B9-969CEDA6E282}.Release|ARM64.ActiveCfg = Release|Win32
		{0B40306C-67F8-4F8C-82B9-969CEDA6E282}.Release|x64.ActiveCfg = Release|x64
		{0B40306C-67F8-4F8C-82B9-969CEDA6E282}.Release|x64.Build.0 = Release|x64
		{0B40306C-67F8-4F8C-82B9-969CEDA6E282}.Release|x86.ActiveCfg = Release|Win32
		{0B40306C-67F8-4F8C-82B9-969CEDA6E282}.Release|x86.Build.0 = Release|Win32
	EndGlobalSection
	GlobalSection(SolutionProperties) = preSolution
		HideSolutionNode = FALSE
	EndGlobalSection
	GlobalSection(NestedProjects) = preSolution
		{3943F12B-402F-40E6-B8FB-2392D6F76200} = {B69EC38D-FE9D-4DC0-B02A-BB9254500F99}
		{798F98A0-1FDA-4078-A980-AA950F73E47D} = {B69EC38D-FE9D-4DC0-B02A-BB9254500F99}
	EndGlobalSection
	GlobalSection(ExtensibilityGlobals) = postSolution
		SolutionGuid = {D51AD281-33B1-4798-8A8C-7CDD5BA3B40F}
	EndGlobalSection
EndGlobal
